
Microsoft Visual Studio Solution File, Format Version 12.00
# Visual Studio Version 17
VisualStudioVersion = 17.4.33122.133
MinimumVisualStudioVersion = 10.0.40219.1
Project("{8BC9CEB8-8B4A-11D0-8D11-00A0C91BC942}") = "HelloWorld", "HelloWorld\HelloWorld.vcxproj", "{37F64851-302A-4C37-9A43-A5F9C92BDFB7}"
EndProject
Project("{8BC9CEB8-8B4A-11D0-8D11-00A0C91BC942}") = "03_变量和数据类型", "03_变量和数据类型\03_变量和数据类型.vcxproj", "{45139AD5-19D3-4FFD-A0A2-F6BFB7D8A1D4}"
EndProject
Project("{8BC9CEB8-8B4A-11D0-8D11-00A0C91BC942}") = "04_运算符", "04_运算符\04_运算符.vcxproj", "{8CBC1B7F-1E02-4BDC-8E4A-47F308C06197}"
EndProject
Project("{8BC9CEB8-8B4A-11D0-8D11-00A0C91BC942}") = "05_爱心曲线", "05_爱心曲线\05_爱心曲线.vcxproj", "{E1A79CC6-C2C3-4436-9339-A4B2FF97EA39}"
EndProject
Project("{8BC9CEB8-8B4A-11D0-8D11-00A0C91BC942}") = "06_复合数据类型", "06_复合数据类型\06_复合数据类型.vcxproj", "{DB193673-B214-45EC-A8F8-31EFB8B8E106}"
EndProject
Project("{8BC9CEB8-8B4A-11D0-8D11-00A0C91BC942}") = "07_函数", "07_函数\07_函数.vcxproj", "{09F74BFF-75F3-4A80-B70E-0B4ECA3244B1}"
EndProject
Project("{8BC9CEB8-8B4A-11D0-8D11-00A0C91BC942}") = "08_函数高阶", "08_函数高阶\08_函数高阶.vcxproj", "{677809B1-6E81-4522-AB02-935AB52CA7C1}"
EndProject
Global
	GlobalSection(SolutionConfigurationPlatforms) = preSolution
		Debug|x64 = Debug|x64
		Debug|x86 = Debug|x86
		Release|x64 = Release|x64
		Release|x86 = Release|x86
	EndGlobalSection
	GlobalSection(ProjectConfigurationPlatforms) = postSolution
		{37F64851-302A-4C37-9A43-A5F9C92BDFB7}.Debug|x64.ActiveCfg = Debug|x64
		{37F64851-302A-4C37-9A43-A5F9C92BDFB7}.Debug|x64.Build.0 = Debug|x64
		{37F64851-302A-4C37-9A43-A5F9C92BDFB7}.Debug|x86.ActiveCfg = Debug|Win32
		{37F64851-302A-4C37-9A43-A5F9C92BDFB7}.Debug|x86.Build.0 = Debug|Win32
		{37F64851-302A-4C37-9A43-A5F9C92BDFB7}.Release|x64.ActiveCfg = Release|x64
		{37F64851-302A-4C37-9A43-A5F9C92BDFB7}.Release|x64.Build.0 = Release|x64
		{37F64851-302A-4C37-9A43-A5F9C92BDFB7}.Release|x86.ActiveCfg = Release|Win32
		{37F64851-302A-4C37-9A43-A5F9C92BDFB7}.Release|x86.Build.0 = Release|Win32
		{45139AD5-19D3-4FFD-A0A2-F6BFB7D8A1D4}.Debug|x64.ActiveCfg = Debug|x64
		{45139AD5-19D3-4FFD-A0A2-F6BFB7D8A1D4}.Debug|x64.Build.0 = Debug|x64
		{45139AD5-19D3-4FFD-A0A2-F6BFB7D8A1D4}.Debug|x86.ActiveCfg = Debug|Win32
		{45139AD5-19D3-4FFD-A0A2-F6BFB7D8A1D4}.Debug|x86.Build.0 = Debug|Win32
		{45139AD5-19D3-4FFD-A0A2-F6BFB7D8A1D4}.Release|x64.ActiveCfg = Release|x64
		{45139AD5-19D3-4FFD-A0A2-F6BFB7D8A1D4}.Release|x64.Build.0 = Release|x64
		{45139AD5-19D3-4FFD-A0A2-F6BFB7D8A1D4}.Release|x86.ActiveCfg = Release|Win32
		{45139AD5-19D3-4FFD-A0A2-F6BFB7D8A1D4}.Release|x86.Build.0 = Release|Win32
		{8CBC1B7F-1E02-4BDC-8E4A-47F308C06197}.Debug|x64.ActiveCfg = Debug|x64
		{8CBC1B7F-1E02-4BDC-8E4A-47F308C06197}.Debug|x64.Build.0 = Debug|x64
		{8CBC1B7F-1E02-4BDC-8E4A-47F308C06197}.Debug|x86.ActiveCfg = Debug|Win32
		{8CBC1B7F-1E02-4BDC-8E4A-47F308C06197}.Debug|x86.Build.0 = Debug|Win32
		{8CBC1B7F-1E02-4BDC-8E4A-47F308C06197}.Release|x64.ActiveCfg = Release|x64
		{8CBC1B7F-1E02-4BDC-8E4A-47F308C06197}.Release|x64.Build.0 = Release|x64
		{8CBC1B7F-1E02-4BDC-8E4A-47F308C06197}.Release|x86.ActiveCfg = Release|Win32
		{8CBC1B7F-1E02-4BDC-8E4A-47F308C06197}.Release|x86.Build.0 = Release|Win32
		{E1A79CC6-C2C3-4436-9339-A4B2FF97EA39}.Debug|x64.ActiveCfg = Debug|x64
		{E1A79CC6-C2C3-4436-9339-A4B2FF97EA39}.Debug|x64.Build.0 = Debug|x64
		{E1A79CC6-C2C3-4436-9339-A4B2FF97EA39}.Debug|x86.ActiveCfg = Debug|Win32
		{E1A79CC6-C2C3-4436-9339-A4B2FF97EA39}.Debug|x86.Build.0 = Debug|Win32
		{E1A79CC6-C2C3-4436-9339-A4B2FF97EA39}.Release|x64.ActiveCfg = Release|x64
		{E1A79CC6-C2C3-4436-9339-A4B2FF97EA39}.Release|x64.Build.0 = Release|x64
		{E1A79CC6-C2C3-4436-9339-A4B2FF97EA39}.Release|x86.ActiveCfg = Release|Win32
		{E1A79CC6-C2C3-4436-9339-A4B2FF97EA39}.Release|x86.Build.0 = Release|Win32
		{DB193673-B214-45EC-A8F8-31EFB8B8E106}.Debug|x64.ActiveCfg = Debug|x64
		{DB193673-B214-45EC-A8F8-31EFB8B8E106}.Debug|x64.Build.0 = Debug|x64
		{DB193673-B214-45EC-A8F8-31EFB8B8E106}.Debug|x86.ActiveCfg = Debug|Win32
		{DB193673-B214-45EC-A8F8-31EFB8B8E106}.Debug|x86.Build.0 = Debug|Win32
		{DB193673-B214-45EC-A8F8-31EFB8B8E106}.Release|x64.ActiveCfg = Release|x64
		{DB193673-B214-45EC-A8F8-31EFB8B8E106}.Release|x64.Build.0 = Release|x64
		{DB193673-B214-45EC-A8F8-31EFB8B8E106}.Release|x86.ActiveCfg = Release|Win32
		{DB193673-B214-45EC-A8F8-31EFB8B8E106}.Release|x86.Build.0 = Release|Win32
		{09F74BFF-75F3-4A80-B70E-0B4ECA3244B1}.Debug|x64.ActiveCfg = Debug|x64
		{09F74BFF-75F3-4A80-B70E-0B4ECA3244B1}.Debug|x64.Build.0 = Debug|x64
		{09F74BFF-75F3-4A80-B70E-0B4ECA3244B1}.Debug|x86.ActiveCfg = Debug|Win32
		{09F74BFF-75F3-4A80-B70E-0B4ECA3244B1}.Debug|x86.Build.0 = Debug|Win32
		{09F74BFF-75F3-4A80-B70E-0B4ECA3244B1}.Release|x64.ActiveCfg = Release|x64
		{09F74BFF-75F3-4A80-B70E-0B4ECA3244B1}.Release|x64.Build.0 = Release|x64
		{09F74BFF-75F3-4A80-B70E-0B4ECA3244B1}.Release|x86.ActiveCfg = Release|Win32
		{09F74BFF-75F3-4A80-B70E-0B4ECA3244B1}.Release|x86.Build.0 = Release|Win32
		{677809B1-6E81-4522-AB02-935AB52CA7C1}.Debug|x64.ActiveCfg = Debug|x64
		{677809B1-6E81-4522-AB02-935AB52CA7C1}.Debug|x64.Build.0 = Debug|x64
		{677809B1-6E81-4522-AB02-935AB52CA7C1}.Debug|x86.ActiveCfg = Debug|Win32
		{677809B1-6E81-4522-AB02-935AB52CA7C1}.Debug|x86.Build.0 = Debug|Win32
		{677809B1-6E81-4522-AB02-935AB52CA7C1}.Release|x64.ActiveCfg = Release|x64
		{677809B1-6E81-4522-AB02-935AB52CA7C1}.Release|x64.Build.0 = Release|x64
		{677809B1-6E81-4522-AB02-935AB52CA7C1}.Release|x86.ActiveCfg = Release|Win32
		{677809B1-6E81-4522-AB02-935AB52CA7C1}.Release|x86.Build.0 = Release|Win32
	EndGlobalSection
	GlobalSection(SolutionProperties) = preSolution
		HideSolutionNode = FALSE
	EndGlobalSection
	GlobalSection(ExtensibilityGlobals) = postSolution
		SolutionGuid = {B97D56EB-ABB2-4B35-8D69-648C4BD0F608}
	EndGlobalSection
EndGlobal
